
Microsoft Visual Studio Solution File, Format Version 12.00
# Visual Studio Version 16
VisualStudioVersion = 16.0.30320.27
MinimumVisualStudioVersion = 10.0.40219.1
Project("{2150E333-8FDC-42A3-9474-1A3956D46DE8}") = "Services", "Services", "{24F84150-58EE-4315-9126-51BB89990609}"
EndProject
Project("{2150E333-8FDC-42A3-9474-1A3956D46DE8}") = "Catalog", "Catalog", "{7C84B54E-6628-473C-9316-1F8DBB3FB5A4}"
EndProject
Project("{9A19103F-16F7-4668-BE54-9A1E7A4F7556}") = "Catalog.API", "Services\Catalog\Catalog.API\Catalog.API.csproj", "{521CA384-3465-461B-9AB9-458B799B826B}"
EndProject
Project("{E53339B2-1760-4266-BCC7-CA923CBCF16C}") = "docker-compose", "docker-compose.dcproj", "{C787B291-1F60-4D0B-A0CD-AAF7BB8FE382}"
EndProject
Project("{2150E333-8FDC-42A3-9474-1A3956D46DE8}") = "Basket", "Basket", "{5A65D747-4DED-407F-9D03-738DEB27BDA3}"
EndProject
Project("{9A19103F-16F7-4668-BE54-9A1E7A4F7556}") = "Basket.API", "Services\Basket\Basket.API\Basket.API.csproj", "{B5F16339-D3C1-4ED5-B685-588FA3FE066A}"
EndProject
Project("{2150E333-8FDC-42A3-9474-1A3956D46DE8}") = "Discount", "Discount", "{C47B1DAE-6FA1-4659-AE2E-E690D221153A}"
EndProject
Project("{9A19103F-16F7-4668-BE54-9A1E7A4F7556}") = "Discount.API", "Services\Discount\Discount.API\Discount.API.csproj", "{E45D4BDF-93A0-455A-AEEC-A24113CDE47A}"
EndProject
Project("{9A19103F-16F7-4668-BE54-9A1E7A4F7556}") = "Discount.Grpc", "Services\Discount\Discount.Grpc\Discount.Grpc\Discount.Grpc.csproj", "{9073514F-1392-435B-BE45-D9F0935E6BEA}"
EndProject
Project("{2150E333-8FDC-42A3-9474-1A3956D46DE8}") = "Ordering", "Ordering", "{A08CF0C6-E14A-4C37-86EF-3A75896962E8}"
EndProject
Project("{9A19103F-16F7-4668-BE54-9A1E7A4F7556}") = "Ordering.API", "Services\Ordering\Ordering.API\Ordering.API.csproj", "{95C7080E-3EE6-4371-97E4-22ED2C864349}"
EndProject
Project("{9A19103F-16F7-4668-BE54-9A1E7A4F7556}") = "Ordering.Infrastructure", "Services\Ordering\Ordering.Infrastructure\Ordering.Infrastructure\Ordering.Infrastructure.csproj", "{77D70238-7814-441A-AA15-BD77C1462F06}"
EndProject
Project("{9A19103F-16F7-4668-BE54-9A1E7A4F7556}") = "Ordering.Domain", "Services\Ordering\Ordering.Domain\Ordering.Domain\Ordering.Domain.csproj", "{D411F377-62DA-44A0-A3E0-4CAA83D39F7A}"
EndProject
Project("{9A19103F-16F7-4668-BE54-9A1E7A4F7556}") = "Ordering.Application", "Services\Ordering\Ordering.Application\Ordering.Application\Ordering.Application.csproj", "{39449ED3-8190-439D-967E-4655AEAEEC60}"
EndProject
Project("{2150E333-8FDC-42A3-9474-1A3956D46DE8}") = "BuildingBlock", "BuildingBlock", "{8AF83444-13D1-468F-B2B6-79957D254681}"
EndProject
Project("{FAE04EC0-301F-11D3-BF4B-00C04F79EFBC}") = "Events", "BuildingBlock\Events\Events\Events.csproj", "{3AA33059-72F6-42DC-80EE-404AB0A44CDF}"
EndProject
Global
	GlobalSection(SolutionConfigurationPlatforms) = preSolution
		Debug|Any CPU = Debug|Any CPU
		Release|Any CPU = Release|Any CPU
	EndGlobalSection
	GlobalSection(ProjectConfigurationPlatforms) = postSolution
		{521CA384-3465-461B-9AB9-458B799B826B}.Debug|Any CPU.ActiveCfg = Debug|Any CPU
		{521CA384-3465-461B-9AB9-458B799B826B}.Debug|Any CPU.Build.0 = Debug|Any CPU
		{521CA384-3465-461B-9AB9-458B799B826B}.Release|Any CPU.ActiveCfg = Release|Any CPU
		{521CA384-3465-461B-9AB9-458B799B826B}.Release|Any CPU.Build.0 = Release|Any CPU
		{C787B291-1F60-4D0B-A0CD-AAF7BB8FE382}.Debug|Any CPU.ActiveCfg = Debug|Any CPU
		{C787B291-1F60-4D0B-A0CD-AAF7BB8FE382}.Debug|Any CPU.Build.0 = Debug|Any CPU
		{C787B291-1F60-4D0B-A0CD-AAF7BB8FE382}.Release|Any CPU.ActiveCfg = Release|Any CPU
		{C787B291-1F60-4D0B-A0CD-AAF7BB8FE382}.Release|Any CPU.Build.0 = Release|Any CPU
		{B5F16339-D3C1-4ED5-B685-588FA3FE066A}.Debug|Any CPU.ActiveCfg = Debug|Any CPU
		{B5F16339-D3C1-4ED5-B685-588FA3FE066A}.Debug|Any CPU.Build.0 = Debug|Any CPU
		{B5F16339-D3C1-4ED5-B685-588FA3FE066A}.Release|Any CPU.ActiveCfg = Release|Any CPU
		{B5F16339-D3C1-4ED5-B685-588FA3FE066A}.Release|Any CPU.Build.0 = Release|Any CPU
		{E45D4BDF-93A0-455A-AEEC-A24113CDE47A}.Debug|Any CPU.ActiveCfg = Debug|Any CPU
		{E45D4BDF-93A0-455A-AEEC-A24113CDE47A}.Debug|Any CPU.Build.0 = Debug|Any CPU
		{E45D4BDF-93A0-455A-AEEC-A24113CDE47A}.Release|Any CPU.ActiveCfg = Release|Any CPU
		{E45D4BDF-93A0-455A-AEEC-A24113CDE47A}.Release|Any CPU.Build.0 = Release|Any CPU
		{9073514F-1392-435B-BE45-D9F0935E6BEA}.Debug|Any CPU.ActiveCfg = Debug|Any CPU
		{9073514F-1392-435B-BE45-D9F0935E6BEA}.Debug|Any CPU.Build.0 = Debug|Any CPU
		{9073514F-1392-435B-BE45-D9F0935E6BEA}.Release|Any CPU.ActiveCfg = Release|Any CPU
		{9073514F-1392-435B-BE45-D9F0935E6BEA}.Release|Any CPU.Build.0 = Release|Any CPU
		{95C7080E-3EE6-4371-97E4-22ED2C864349}.Debug|Any CPU.ActiveCfg = Debug|Any CPU
		{95C7080E-3EE6-4371-97E4-22ED2C864349}.Debug|Any CPU.Build.0 = Debug|Any CPU
		{95C7080E-3EE6-4371-97E4-22ED2C864349}.Release|Any CPU.ActiveCfg = Release|Any CPU
		{95C7080E-3EE6-4371-97E4-22ED2C864349}.Release|Any CPU.Build.0 = Release|Any CPU
		{77D70238-7814-441A-AA15-BD77C1462F06}.Debug|Any CPU.ActiveCfg = Debug|Any CPU
		{77D70238-7814-441A-AA15-BD77C1462F06}.Debug|Any CPU.Build.0 = Debug|Any CPU
		{77D70238-7814-441A-AA15-BD77C1462F06}.Release|Any CPU.ActiveCfg = Release|Any CPU
		{77D70238-7814-441A-AA15-BD77C1462F06}.Release|Any CPU.Build.0 = Release|Any CPU
		{D411F377-62DA-44A0-A3E0-4CAA83D39F7A}.Debug|Any CPU.ActiveCfg = Debug|Any CPU
		{D411F377-62DA-44A0-A3E0-4CAA83D39F7A}.Debug|Any CPU.Build.0 = Debug|Any CPU
		{D411F377-62DA-44A0-A3E0-4CAA83D39F7A}.Release|Any CPU.ActiveCfg = Release|Any CPU
		{D411F377-62DA-44A0-A3E0-4CAA83D39F7A}.Release|Any CPU.Build.0 = Release|Any CPU
		{39449ED3-8190-439D-967E-4655AEAEEC60}.Debug|Any CPU.ActiveCfg = Debug|Any CPU
		{39449ED3-8190-439D-967E-4655AEAEEC60}.Debug|Any CPU.Build.0 = Debug|Any CPU
		{39449ED3-8190-439D-967E-4655AEAEEC60}.Release|Any CPU.ActiveCfg = Release|Any CPU
		{39449ED3-8190-439D-967E-4655AEAEEC60}.Release|Any CPU.Build.0 = Release|Any CPU
		{3AA33059-72F6-42DC-80EE-404AB0A44CDF}.Debug|Any CPU.ActiveCfg = Debug|Any CPU
		{3AA33059-72F6-42DC-80EE-404AB0A44CDF}.Debug|Any CPU.Build.0 = Debug|Any CPU
		{3AA33059-72F6-42DC-80EE-404AB0A44CDF}.Release|Any CPU.ActiveCfg = Release|Any CPU
		{3AA33059-72F6-42DC-80EE-404AB0A44CDF}.Release|Any CPU.Build.0 = Release|Any CPU
	EndGlobalSection
	GlobalSection(SolutionProperties) = preSolution
		HideSolutionNode = FALSE
	EndGlobalSection
	GlobalSection(NestedProjects) = preSolution
		{7C84B54E-6628-473C-9316-1F8DBB3FB5A4} = {24F84150-58EE-4315-9126-51BB89990609}
		{521CA384-3465-461B-9AB9-458B799B826B} = {7C84B54E-6628-473C-9316-1F8DBB3FB5A4}
		{5A65D747-4DED-407F-9D03-738DEB27BDA3} = {24F84150-58EE-4315-9126-51BB89990609}
		{B5F16339-D3C1-4ED5-B685-588FA3FE066A} = {5A65D747-4DED-407F-9D03-738DEB27BDA3}
		{C47B1DAE-6FA1-4659-AE2E-E690D221153A} = {24F84150-58EE-4315-9126-51BB89990609}
		{E45D4BDF-93A0-455A-AEEC-A24113CDE47A} = {C47B1DAE-6FA1-4659-AE2E-E690D221153A}
		{9073514F-1392-435B-BE45-D9F0935E6BEA} = {C47B1DAE-6FA1-4659-AE2E-E690D221153A}
		{A08CF0C6-E14A-4C37-86EF-3A75896962E8} = {24F84150-58EE-4315-9126-51BB89990609}
		{95C7080E-3EE6-4371-97E4-22ED2C864349} = {A08CF0C6-E14A-4C37-86EF-3A75896962E8}
		{77D70238-7814-441A-AA15-BD77C1462F06} = {A08CF0C6-E14A-4C37-86EF-3A75896962E8}
		{D411F377-62DA-44A0-A3E0-4CAA83D39F7A} = {A08CF0C6-E14A-4C37-86EF-3A75896962E8}
		{39449ED3-8190-439D-967E-4655AEAEEC60} = {A08CF0C6-E14A-4C37-86EF-3A75896962E8}
		{3AA33059-72F6-42DC-80EE-404AB0A44CDF} = {8AF83444-13D1-468F-B2B6-79957D254681}
	EndGlobalSection
	GlobalSection(ExtensibilityGlobals) = postSolution
		SolutionGuid = {AE1FC8C5-D97D-4D81-8F90-005A9151BD03}
	EndGlobalSection
EndGlobal
